
Microsoft Visual Studio Solution File, Format Version 12.00
# Visual Studio 15
VisualStudioVersion = 15.0.28307.1169
MinimumVisualStudioVersion = 10.0.40219.1
Project("{FAE04EC0-301F-11D3-BF4B-00C04F79EFBC}") = "LMSProject.UI.MVC", "LMSProject.UI.MVC\LMSProject.UI.MVC.csproj", "{9983D2E6-9DE9-4890-8508-A0A1A0852900}"
EndProject
Project("{FAE04EC0-301F-11D3-BF4B-00C04F79EFBC}") = "LMSProject.Data.EF", "LMSProject.Data.EF\LMSProject.Data.EF.csproj", "{6B645F6B-9AB1-4A44-A8EF-2C656D98EF1D}"
EndProject
Global
	GlobalSection(SolutionConfigurationPlatforms) = preSolution
		Debug|Any CPU = Debug|Any CPU
		Release|Any CPU = Release|Any CPU
	EndGlobalSection
	GlobalSection(ProjectConfigurationPlatforms) = postSolution
		{9983D2E6-9DE9-4890-8508-A0A1A0852900}.Debug|Any CPU.ActiveCfg = Debug|Any CPU
		{9983D2E6-9DE9-4890-8508-A0A1A0852900}.Debug|Any CPU.Build.0 = Debug|Any CPU
		{9983D2E6-9DE9-4890-8508-A0A1A0852900}.Release|Any CPU.ActiveCfg = Release|Any CPU
		{9983D2E6-9DE9-4890-8508-A0A1A0852900}.Release|Any CPU.Build.0 = Release|Any CPU
		{6B645F6B-9AB1-4A44-A8EF-2C656D98EF1D}.Debug|Any CPU.ActiveCfg = Debug|Any CPU
		{6B645F6B-9AB1-4A44-A8EF-2C656D98EF1D}.Debug|Any CPU.Build.0 = Debug|Any CPU
		{6B645F6B-9AB1-4A44-A8EF-2C656D98EF1D}.Release|Any CPU.ActiveCfg = Release|Any CPU
		{6B645F6B-9AB1-4A44-A8EF-2C656D98EF1D}.Release|Any CPU.Build.0 = Release|Any CPU
	EndGlobalSection
	GlobalSection(SolutionProperties) = preSolution
		HideSolutionNode = FALSE
	EndGlobalSection
	GlobalSection(ExtensibilityGlobals) = postSolution
		SolutionGuid = {ACA0D853-3641-4664-94C0-5959D2F56AEA}
	EndGlobalSection
EndGlobal
